
Microsoft Visual Studio Solution File, Format Version 12.00
# Visual Studio Version 17
VisualStudioVersion = 17.5.33424.131
MinimumVisualStudioVersion = 10.0.40219.1
Project("{FAE04EC0-301F-11D3-BF4B-00C04F79EFBC}") = "Builder_Pattern", "Builder_Pattern\Builder_Pattern.csproj", "{66094CDC-BD46-43F2-9AD3-816D14C3D303}"
EndProject
Global
	GlobalSection(SolutionConfigurationPlatforms) = preSolution
		Debug|Any CPU = Debug|Any CPU
		Release|Any CPU = Release|Any CPU
	EndGlobalSection
	GlobalSection(ProjectConfigurationPlatforms) = postSolution
		{66094CDC-BD46-43F2-9AD3-816D14C3D303}.Debug|Any CPU.ActiveCfg = Debug|Any CPU
		{66094CDC-BD46-43F2-9AD3-816D14C3D303}.Debug|Any CPU.Build.0 = Debug|Any CPU
		{66094CDC-BD46-43F2-9AD3-816D14C3D303}.Release|Any CPU.ActiveCfg = Release|Any CPU
		{66094CDC-BD46-43F2-9AD3-816D14C3D303}.Release|Any CPU.Build.0 = Release|Any CPU
	EndGlobalSection
	GlobalSection(SolutionProperties) = preSolution
		HideSolutionNode = FALSE
	EndGlobalSection
	GlobalSection(ExtensibilityGlobals) = postSolution
		SolutionGuid = {058EE788-07E2-46AE-8248-0553A48D891A}
	EndGlobalSection
EndGlobal
