
Microsoft Visual Studio Solution File, Format Version 12.00
# Visual Studio Version 17
VisualStudioVersion = 17.5.33424.131
MinimumVisualStudioVersion = 10.0.40219.1
Project("{FAE04EC0-301F-11D3-BF4B-00C04F79EFBC}") = "Strategy_Parttern", "Strategy_Parttern\Strategy_Parttern.csproj", "{DB225486-294C-4A8D-ADDA-716C8022DD30}"
EndProject
Global
	GlobalSection(SolutionConfigurationPlatforms) = preSolution
		Debug|Any CPU = Debug|Any CPU
		Release|Any CPU = Release|Any CPU
	EndGlobalSection
	GlobalSection(ProjectConfigurationPlatforms) = postSolution
		{DB225486-294C-4A8D-ADDA-716C8022DD30}.Debug|Any CPU.ActiveCfg = Debug|Any CPU
		{DB225486-294C-4A8D-ADDA-716C8022DD30}.Debug|Any CPU.Build.0 = Debug|Any CPU
		{DB225486-294C-4A8D-ADDA-716C8022DD30}.Release|Any CPU.ActiveCfg = Release|Any CPU
		{DB225486-294C-4A8D-ADDA-716C8022DD30}.Release|Any CPU.Build.0 = Release|Any CPU
	EndGlobalSection
	GlobalSection(SolutionProperties) = preSolution
		HideSolutionNode = FALSE
	EndGlobalSection
	GlobalSection(ExtensibilityGlobals) = postSolution
		SolutionGuid = {DBFBFB55-9725-4565-BB6D-812CE015ED72}
	EndGlobalSection
EndGlobal
